
Microsoft Visual Studio Solution File, Format Version 12.00
# Visual Studio Version 16
VisualStudioVersion = 16.0.29721.120
MinimumVisualStudioVersion = 10.0.40219.1
Project("{FAE04EC0-301F-11D3-BF4B-00C04F79EFBC}") = "Control", "Control\Control.csproj", "{7EDE62EA-E396-4AEF-842F-144491CD82C7}"
EndProject
Global
	GlobalSection(SolutionConfigurationPlatforms) = preSolution
		Debug|Any CPU = Debug|Any CPU
		Debug|x64 = Debug|x64
		Debug|x86 = Debug|x86
		Release|Any CPU = Release|Any CPU
		Release|x64 = Release|x64
		Release|x86 = Release|x86
		x64|Any CPU = x64|Any CPU
		x64|x64 = x64|x64
		x64|x86 = x64|x86
		x86|Any CPU = x86|Any CPU
		x86|x64 = x86|x64
		x86|x86 = x86|x86
	EndGlobalSection
	GlobalSection(ProjectConfigurationPlatforms) = postSolution
		{7EDE62EA-E396-4AEF-842F-144491CD82C7}.Debug|Any CPU.ActiveCfg = Debug|Any CPU
		{7EDE62EA-E396-4AEF-842F-144491CD82C7}.Debug|Any CPU.Build.0 = Debug|Any CPU
		{7EDE62EA-E396-4AEF-842F-144491CD82C7}.Debug|x64.ActiveCfg = Debug|Any CPU
		{7EDE62EA-E396-4AEF-842F-144491CD82C7}.Debug|x64.Build.0 = Debug|Any CPU
		{7EDE62EA-E396-4AEF-842F-144491CD82C7}.Debug|x86.ActiveCfg = Debug|Any CPU
		{7EDE62EA-E396-4AEF-842F-144491CD82C7}.Debug|x86.Build.0 = Debug|Any CPU
		{7EDE62EA-E396-4AEF-842F-144491CD82C7}.Release|Any CPU.ActiveCfg = Release|Any CPU
		{7EDE62EA-E396-4AEF-842F-144491CD82C7}.Release|Any CPU.Build.0 = Release|Any CPU
		{7EDE62EA-E396-4AEF-842F-144491CD82C7}.Release|x64.ActiveCfg = Release|Any CPU
		{7EDE62EA-E396-4AEF-842F-144491CD82C7}.Release|x64.Build.0 = Release|Any CPU
		{7EDE62EA-E396-4AEF-842F-144491CD82C7}.Release|x86.ActiveCfg = Release|Any CPU
		{7EDE62EA-E396-4AEF-842F-144491CD82C7}.Release|x86.Build.0 = Release|Any CPU
		{7EDE62EA-E396-4AEF-842F-144491CD82C7}.x64|Any CPU.ActiveCfg = x64|Any CPU
		{7EDE62EA-E396-4AEF-842F-144491CD82C7}.x64|Any CPU.Build.0 = x64|Any CPU
		{7EDE62EA-E396-4AEF-842F-144491CD82C7}.x64|x64.ActiveCfg = Debug|x64
		{7EDE62EA-E396-4AEF-842F-144491CD82C7}.x64|x64.Build.0 = Debug|x64
		{7EDE62EA-E396-4AEF-842F-144491CD82C7}.x64|x86.ActiveCfg = x64|x86
		{7EDE62EA-E396-4AEF-842F-144491CD82C7}.x64|x86.Build.0 = x64|x86
		{7EDE62EA-E396-4AEF-842F-144491CD82C7}.x86|Any CPU.ActiveCfg = x86|x86
		{7EDE62EA-E396-4AEF-842F-144491CD82C7}.x86|Any CPU.Build.0 = x86|x86
		{7EDE62EA-E396-4AEF-842F-144491CD82C7}.x86|x64.ActiveCfg = x86|x86
		{7EDE62EA-E396-4AEF-842F-144491CD82C7}.x86|x64.Build.0 = x86|x86
		{7EDE62EA-E396-4AEF-842F-144491CD82C7}.x86|x86.ActiveCfg = x86|x86
		{7EDE62EA-E396-4AEF-842F-144491CD82C7}.x86|x86.Build.0 = x86|x86
	EndGlobalSection
	GlobalSection(SolutionProperties) = preSolution
		HideSolutionNode = FALSE
	EndGlobalSection
	GlobalSection(ExtensibilityGlobals) = postSolution
		SolutionGuid = {164CCB3F-A7DD-463B-A795-A89877B5B631}
	EndGlobalSection
EndGlobal
